// !$*UTF8*$!
{
	archiveVersion = 1;
	classes = {
	};
	objectVersion = 77;
	objects = {

/* Begin PBXBuildFile section */
		1C54E2D028674E8F0058B55E /* NewCanvasApp.swift in Sources */ = {isa = PBXBuildFile; fileRef = 1C54E2CF28674E8F0058B55E /* NewCanvasApp.swift */; };
		1C54E2D428674E8F0058B55E /* Assets.xcassets in Resources */ = {isa = PBXBuildFile; fileRef = 1C54E2D328674E8F0058B55E /* Assets.xcassets */; };
		1C54E2D728674E8F0058B55E /* Preview Assets.xcassets in Resources */ = {isa = PBXBuildFile; fileRef = 1C54E2D628674E8F0058B55E /* Preview Assets.xcassets */; };
		1C90D5CD2CDD031D00C1DD2A /* ServicesMenu.xcstrings in Resources */ = {isa = PBXBuildFile; fileRef = 1C90D5CC2CDD031D00C1DD2A /* ServicesMenu.xcstrings */; };
		1C90D5D02CDD062400C1DD2A /* Presentation in Frameworks */ = {isa = PBXBuildFile; productRef = 1C90D5CF2CDD062400C1DD2A /* Presentation */; };
		1C90D5D22CDE2DF600C1DD2A /* Domain in Frameworks */ = {isa = PBXBuildFile; productRef = 1C90D5D12CDE2DF600C1DD2A /* Domain */; };
/* End PBXBuildFile section */

/* Begin PBXCopyFilesBuildPhase section */
		1C54E304286759690058B55E /* Embed Foundation Extensions */ = {
			isa = PBXCopyFilesBuildPhase;
			buildActionMask = 2147483647;
			dstPath = "";
			dstSubfolderSpec = 13;
			files = (
			);
			name = "Embed Foundation Extensions";
			runOnlyForDeploymentPostprocessing = 0;
		};
/* End PBXCopyFilesBuildPhase section */

/* Begin PBXFileReference section */
		1C54E2CC28674E8F0058B55E /* NewCanvas.app */ = {isa = PBXFileReference; explicitFileType = wrapper.application; includeInIndex = 0; path = NewCanvas.app; sourceTree = BUILT_PRODUCTS_DIR; };
		1C54E2CF28674E8F0058B55E /* NewCanvasApp.swift */ = {isa = PBXFileReference; lastKnownFileType = sourcecode.swift; path = NewCanvasApp.swift; sourceTree = "<group>"; };
		1C54E2D328674E8F0058B55E /* Assets.xcassets */ = {isa = PBXFileReference; lastKnownFileType = folder.assetcatalog; path = Assets.xcassets; sourceTree = "<group>"; };
		1C54E2D628674E8F0058B55E /* Preview Assets.xcassets */ = {isa = PBXFileReference; lastKnownFileType = folder.assetcatalog; path = "Preview Assets.xcassets"; sourceTree = "<group>"; };
		1C54E2D828674E8F0058B55E /* NewCanvas.entitlements */ = {isa = PBXFileReference; lastKnownFileType = text.plist.entitlements; path = NewCanvas.entitlements; sourceTree = "<group>"; };
		1C54E2E6286750900058B55E /* Info.plist */ = {isa = PBXFileReference; lastKnownFileType = text.plist; path = Info.plist; sourceTree = "<group>"; };
		1C90D5CB2CDCFF0000C1DD2A /* NewCanvasPackages */ = {isa = PBXFileReference; lastKnownFileType = wrapper; path = NewCanvasPackages; sourceTree = "<group>"; };
		1C90D5CC2CDD031D00C1DD2A /* ServicesMenu.xcstrings */ = {isa = PBXFileReference; lastKnownFileType = text.json.xcstrings; path = ServicesMenu.xcstrings; sourceTree = "<group>"; };
/* End PBXFileReference section */

/* Begin PBXFrameworksBuildPhase section */
		1C54E2C928674E8F0058B55E /* Frameworks */ = {
			isa = PBXFrameworksBuildPhase;
			buildActionMask = 2147483647;
			files = (
				1C90D5D22CDE2DF600C1DD2A /* Domain in Frameworks */,
				1C90D5D02CDD062400C1DD2A /* Presentation in Frameworks */,
			);
			runOnlyForDeploymentPostprocessing = 0;
		};
/* End PBXFrameworksBuildPhase section */

/* Begin PBXGroup section */
		1C54E2C328674E8F0058B55E = {
			isa = PBXGroup;
			children = (
				1C90D5CB2CDCFF0000C1DD2A /* NewCanvasPackages */,
				1C54E2CE28674E8F0058B55E /* NewCanvas */,
				1C90D5CE2CDD062400C1DD2A /* Frameworks */,
				1C54E2CD28674E8F0058B55E /* Products */,
			);
			sourceTree = "<group>";
		};
		1C54E2CD28674E8F0058B55E /* Products */ = {
			isa = PBXGroup;
			children = (
				1C54E2CC28674E8F0058B55E /* NewCanvas.app */,
			);
			name = Products;
			sourceTree = "<group>";
		};
		1C54E2CE28674E8F0058B55E /* NewCanvas */ = {
			isa = PBXGroup;
			children = (
				1C54E2E6286750900058B55E /* Info.plist */,
				1C54E2D828674E8F0058B55E /* NewCanvas.entitlements */,
				1C54E2D328674E8F0058B55E /* Assets.xcassets */,
				1C90D5CC2CDD031D00C1DD2A /* ServicesMenu.xcstrings */,
				1C54E2CF28674E8F0058B55E /* NewCanvasApp.swift */,
				1C54E2D528674E8F0058B55E /* Preview Content */,
			);
			path = NewCanvas;
			sourceTree = "<group>";
		};
		1C54E2D528674E8F0058B55E /* Preview Content */ = {
			isa = PBXGroup;
			children = (
				1C54E2D628674E8F0058B55E /* Preview Assets.xcassets */,
			);
			path = "Preview Content";
			sourceTree = "<group>";
		};
		1C90D5CE2CDD062400C1DD2A /* Frameworks */ = {
			isa = PBXGroup;
			children = (
			);
			name = Frameworks;
			sourceTree = "<group>";
		};
/* End PBXGroup section */

/* Begin PBXNativeTarget section */
		1C54E2CB28674E8F0058B55E /* NewCanvas */ = {
			isa = PBXNativeTarget;
			buildConfigurationList = 1C54E2DB28674E8F0058B55E /* Build configuration list for PBXNativeTarget "NewCanvas" */;
			buildPhases = (
				1C54E2C828674E8F0058B55E /* Sources */,
				1C54E2C928674E8F0058B55E /* Frameworks */,
				1C54E2CA28674E8F0058B55E /* Resources */,
				1C54E304286759690058B55E /* Embed Foundation Extensions */,
			);
			buildRules = (
			);
			dependencies = (
			);
			name = NewCanvas;
			productName = NewCanvas;
			productReference = 1C54E2CC28674E8F0058B55E /* NewCanvas.app */;
			productType = "com.apple.product-type.application";
		};
/* End PBXNativeTarget section */

/* Begin PBXProject section */
		1C54E2C428674E8F0058B55E /* Project object */ = {
			isa = PBXProject;
			attributes = {
				BuildIndependentTargetsInParallel = 1;
				LastSwiftUpdateCheck = 1340;
				LastUpgradeCheck = 1600;
				TargetAttributes = {
					1C54E2CB28674E8F0058B55E = {
						CreatedOnToolsVersion = 13.4.1;
					};
				};
			};
			buildConfigurationList = 1C54E2C728674E8F0058B55E /* Build configuration list for PBXProject "NewCanvas" */;
			developmentRegion = en;
			hasScannedForEncodings = 0;
			knownRegions = (
				en,
				Base,
				ja,
			);
			mainGroup = 1C54E2C328674E8F0058B55E;
			preferredProjectObjectVersion = 77;
			productRefGroup = 1C54E2CD28674E8F0058B55E /* Products */;
			projectDirPath = "";
			projectRoot = "";
			targets = (
				1C54E2CB28674E8F0058B55E /* NewCanvas */,
			);
		};
/* End PBXProject section */

/* Begin PBXResourcesBuildPhase section */
		1C54E2CA28674E8F0058B55E /* Resources */ = {
			isa = PBXResourcesBuildPhase;
			buildActionMask = 2147483647;
			files = (
				1C54E2D728674E8F0058B55E /* Preview Assets.xcassets in Resources */,
				1C90D5CD2CDD031D00C1DD2A /* ServicesMenu.xcstrings in Resources */,
				1C54E2D428674E8F0058B55E /* Assets.xcassets in Resources */,
			);
			runOnlyForDeploymentPostprocessing = 0;
		};
/* End PBXResourcesBuildPhase section */

/* Begin PBXSourcesBuildPhase section */
		1C54E2C828674E8F0058B55E /* Sources */ = {
			isa = PBXSourcesBuildPhase;
			buildActionMask = 2147483647;
			files = (
				1C54E2D028674E8F0058B55E /* NewCanvasApp.swift in Sources */,
			);
			runOnlyForDeploymentPostprocessing = 0;
		};
/* End PBXSourcesBuildPhase section */

/* Begin XCBuildConfiguration section */
		1C54E2D928674E8F0058B55E /* Debug */ = {
			isa = XCBuildConfiguration;
			buildSettings = {
				ALWAYS_SEARCH_USER_PATHS = NO;
				CLANG_ANALYZER_LOCALIZABILITY_NONLOCALIZED = YES;
				CLANG_ANALYZER_NONNULL = YES;
				CLANG_ANALYZER_NUMBER_OBJECT_CONVERSION = YES_AGGRESSIVE;
				CLANG_CXX_LANGUAGE_STANDARD = "gnu++17";
				CLANG_ENABLE_MODULES = YES;
				CLANG_ENABLE_OBJC_ARC = YES;
				CLANG_ENABLE_OBJC_WEAK = YES;
				CLANG_WARN_BLOCK_CAPTURE_AUTORELEASING = YES;
				CLANG_WARN_BOOL_CONVERSION = YES;
				CLANG_WARN_COMMA = YES;
				CLANG_WARN_CONSTANT_CONVERSION = YES;
				CLANG_WARN_DEPRECATED_OBJC_IMPLEMENTATIONS = YES;
				CLANG_WARN_DIRECT_OBJC_ISA_USAGE = YES_ERROR;
				CLANG_WARN_DOCUMENTATION_COMMENTS = YES;
				CLANG_WARN_EMPTY_BODY = YES;
				CLANG_WARN_ENUM_CONVERSION = YES;
				CLANG_WARN_INFINITE_RECURSION = YES;
				CLANG_WARN_INT_CONVERSION = YES;
				CLANG_WARN_NON_LITERAL_NULL_CONVERSION = YES;
				CLANG_WARN_OBJC_IMPLICIT_RETAIN_SELF = YES;
				CLANG_WARN_OBJC_LITERAL_CONVERSION = YES;
				CLANG_WARN_OBJC_ROOT_CLASS = YES_ERROR;
				CLANG_WARN_QUOTED_INCLUDE_IN_FRAMEWORK_HEADER = YES;
				CLANG_WARN_RANGE_LOOP_ANALYSIS = YES;
				CLANG_WARN_STRICT_PROTOTYPES = YES;
				CLANG_WARN_SUSPICIOUS_MOVE = YES;
				CLANG_WARN_UNGUARDED_AVAILABILITY = YES_AGGRESSIVE;
				CLANG_WARN_UNREACHABLE_CODE = YES;
				CLANG_WARN__DUPLICATE_METHOD_MATCH = YES;
				COPY_PHASE_STRIP = NO;
				DEAD_CODE_STRIPPING = YES;
				DEBUG_INFORMATION_FORMAT = dwarf;
				ENABLE_STRICT_OBJC_MSGSEND = YES;
				ENABLE_TESTABILITY = YES;
				ENABLE_USER_SCRIPT_SANDBOXING = YES;
				GCC_C_LANGUAGE_STANDARD = gnu11;
				GCC_DYNAMIC_NO_PIC = NO;
				GCC_NO_COMMON_BLOCKS = YES;
				GCC_OPTIMIZATION_LEVEL = 0;
				GCC_PREPROCESSOR_DEFINITIONS = (
					"DEBUG=1",
					"$(inherited)",
				);
				GCC_WARN_64_TO_32_BIT_CONVERSION = YES;
				GCC_WARN_ABOUT_RETURN_TYPE = YES_ERROR;
				GCC_WARN_UNDECLARED_SELECTOR = YES;
				GCC_WARN_UNINITIALIZED_AUTOS = YES_AGGRESSIVE;
				GCC_WARN_UNUSED_FUNCTION = YES;
				GCC_WARN_UNUSED_VARIABLE = YES;
				MACOSX_DEPLOYMENT_TARGET = 14.6;
				MTL_ENABLE_DEBUG_INFO = INCLUDE_SOURCE;
				MTL_FAST_MATH = YES;
				ONLY_ACTIVE_ARCH = YES;
				SDKROOT = macosx;
				SWIFT_ACTIVE_COMPILATION_CONDITIONS = DEBUG;
				SWIFT_EMIT_LOC_STRINGS = YES;
				SWIFT_OPTIMIZATION_LEVEL = "-Onone";
			};
			name = Debug;
		};
		1C54E2DA28674E8F0058B55E /* Release */ = {
			isa = XCBuildConfiguration;
			buildSettings = {
				ALWAYS_SEARCH_USER_PATHS = NO;
				CLANG_ANALYZER_LOCALIZABILITY_NONLOCALIZED = YES;
				CLANG_ANALYZER_NONNULL = YES;
				CLANG_ANALYZER_NUMBER_OBJECT_CONVERSION = YES_AGGRESSIVE;
				CLANG_CXX_LANGUAGE_STANDARD = "gnu++17";
				CLANG_ENABLE_MODULES = YES;
				CLANG_ENABLE_OBJC_ARC = YES;
				CLANG_ENABLE_OBJC_WEAK = YES;
				CLANG_WARN_BLOCK_CAPTURE_AUTORELEASING = YES;
				CLANG_WARN_BOOL_CONVERSION = YES;
				CLANG_WARN_COMMA = YES;
				CLANG_WARN_CONSTANT_CONVERSION = YES;
				CLANG_WARN_DEPRECATED_OBJC_IMPLEMENTATIONS = YES;
				CLANG_WARN_DIRECT_OBJC_ISA_USAGE = YES_ERROR;
				CLANG_WARN_DOCUMENTATION_COMMENTS = YES;
				CLANG_WARN_EMPTY_BODY = YES;
				CLANG_WARN_ENUM_CONVERSION = YES;
				CLANG_WARN_INFINITE_RECURSION = YES;
				CLANG_WARN_INT_CONVERSION = YES;
				CLANG_WARN_NON_LITERAL_NULL_CONVERSION = YES;
				CLANG_WARN_OBJC_IMPLICIT_RETAIN_SELF = YES;
				CLANG_WARN_OBJC_LITERAL_CONVERSION = YES;
				CLANG_WARN_OBJC_ROOT_CLASS = YES_ERROR;
				CLANG_WARN_QUOTED_INCLUDE_IN_FRAMEWORK_HEADER = YES;
				CLANG_WARN_RANGE_LOOP_ANALYSIS = YES;
				CLANG_WARN_STRICT_PROTOTYPES = YES;
				CLANG_WARN_SUSPICIOUS_MOVE = YES;
				CLANG_WARN_UNGUARDED_AVAILABILITY = YES_AGGRESSIVE;
				CLANG_WARN_UNREACHABLE_CODE = YES;
				CLANG_WARN__DUPLICATE_METHOD_MATCH = YES;
				COPY_PHASE_STRIP = NO;
				DEAD_CODE_STRIPPING = YES;
				DEBUG_INFORMATION_FORMAT = "dwarf-with-dsym";
				ENABLE_NS_ASSERTIONS = NO;
				ENABLE_STRICT_OBJC_MSGSEND = YES;
				ENABLE_USER_SCRIPT_SANDBOXING = YES;
				GCC_C_LANGUAGE_STANDARD = gnu11;
				GCC_NO_COMMON_BLOCKS = YES;
				GCC_WARN_64_TO_32_BIT_CONVERSION = YES;
				GCC_WARN_ABOUT_RETURN_TYPE = YES_ERROR;
				GCC_WARN_UNDECLARED_SELECTOR = YES;
				GCC_WARN_UNINITIALIZED_AUTOS = YES_AGGRESSIVE;
				GCC_WARN_UNUSED_FUNCTION = YES;
				GCC_WARN_UNUSED_VARIABLE = YES;
				MACOSX_DEPLOYMENT_TARGET = 14.6;
				MTL_ENABLE_DEBUG_INFO = NO;
				MTL_FAST_MATH = YES;
				SDKROOT = macosx;
				SWIFT_COMPILATION_MODE = wholemodule;
				SWIFT_EMIT_LOC_STRINGS = YES;
				SWIFT_OPTIMIZATION_LEVEL = "-O";
			};
			name = Release;
		};
		1C54E2DC28674E8F0058B55E /* Debug */ = {
			isa = XCBuildConfiguration;
			buildSettings = {
				ASSETCATALOG_COMPILER_APPICON_NAME = AppIcon;
				ASSETCATALOG_COMPILER_GLOBAL_ACCENT_COLOR_NAME = AccentColor;
				CODE_SIGN_ENTITLEMENTS = NewCanvas/NewCanvas.entitlements;
				CODE_SIGN_STYLE = Automatic;
				COMBINE_HIDPI_IMAGES = YES;
				CURRENT_PROJECT_VERSION = 2.0.0;
				DEAD_CODE_STRIPPING = YES;
				DEVELOPMENT_ASSET_PATHS = "\"NewCanvas/Preview Content\"";
				DEVELOPMENT_TEAM = VJ5N2X84K8;
				ENABLE_HARDENED_RUNTIME = YES;
				ENABLE_PREVIEWS = YES;
				GENERATE_INFOPLIST_FILE = YES;
				INFOPLIST_FILE = NewCanvas/Info.plist;
				INFOPLIST_KEY_LSApplicationCategoryType = "public.app-category.utilities";
				INFOPLIST_KEY_NSHumanReadableCopyright = "© 2021-2024 Takuto Nakamura";
				LD_RUNPATH_SEARCH_PATHS = (
					"$(inherited)",
					"@executable_path/../Frameworks",
				);
				MARKETING_VERSION = 2.0;
				PRODUCT_BUNDLE_IDENTIFIER = com.kyome.NewCanvas;
				PRODUCT_NAME = "$(TARGET_NAME)";
				SWIFT_EMIT_LOC_STRINGS = YES;
				SWIFT_VERSION = 6.0;
			};
			name = Debug;
		};
		1C54E2DD28674E8F0058B55E /* Release */ = {
			isa = XCBuildConfiguration;
			buildSettings = {
				ASSETCATALOG_COMPILER_APPICON_NAME = AppIcon;
				ASSETCATALOG_COMPILER_GLOBAL_ACCENT_COLOR_NAME = AccentColor;
				CODE_SIGN_ENTITLEMENTS = NewCanvas/NewCanvas.entitlements;
				CODE_SIGN_STYLE = Automatic;
				COMBINE_HIDPI_IMAGES = YES;
				CURRENT_PROJECT_VERSION = 2.0.0;
				DEAD_CODE_STRIPPING = YES;
				DEVELOPMENT_ASSET_PATHS = "\"NewCanvas/Preview Content\"";
				DEVELOPMENT_TEAM = VJ5N2X84K8;
				ENABLE_HARDENED_RUNTIME = YES;
				ENABLE_PREVIEWS = YES;
				GENERATE_INFOPLIST_FILE = YES;
				INFOPLIST_FILE = NewCanvas/Info.plist;
				INFOPLIST_KEY_LSApplicationCategoryType = "public.app-category.utilities";
				INFOPLIST_KEY_NSHumanReadableCopyright = "© 2021-2024 Takuto Nakamura";
				LD_RUNPATH_SEARCH_PATHS = (
					"$(inherited)",
					"@executable_path/../Frameworks",
				);
				MARKETING_VERSION = 2.0;
				PRODUCT_BUNDLE_IDENTIFIER = com.kyome.NewCanvas;
				PRODUCT_NAME = "$(TARGET_NAME)";
				SWIFT_EMIT_LOC_STRINGS = YES;
				SWIFT_VERSION = 6.0;
			};
			name = Release;
		};
/* End XCBuildConfiguration section */

/* Begin XCConfigurationList section */
		1C54E2C728674E8F0058B55E /* Build configuration list for PBXProject "NewCanvas" */ = {
			isa = XCConfigurationList;
			buildConfigurations = (
				1C54E2D928674E8F0058B55E /* Debug */,
				1C54E2DA28674E8F0058B55E /* Release */,
			);
			defaultConfigurationIsVisible = 0;
			defaultConfigurationName = Release;
		};
		1C54E2DB28674E8F0058B55E /* Build configuration list for PBXNativeTarget "NewCanvas" */ = {
			isa = XCConfigurationList;
			buildConfigurations = (
				1C54E2DC28674E8F0058B55E /* Debug */,
				1C54E2DD28674E8F0058B55E /* Release */,
			);
			defaultConfigurationIsVisible = 0;
			defaultConfigurationName = Release;
		};
/* End XCConfigurationList section */

/* Begin XCSwiftPackageProductDependency section */
		1C90D5CF2CDD062400C1DD2A /* Presentation */ = {
			isa = XCSwiftPackageProductDependency;
			productName = Presentation;
		};
		1C90D5D12CDE2DF600C1DD2A /* Domain */ = {
			isa = XCSwiftPackageProductDependency;
			productName = Domain;
		};
/* End XCSwiftPackageProductDependency section */
	};
	rootObject = 1C54E2C428674E8F0058B55E /* Project object */;
}
